// !$*UTF8*$!
{
	archiveVersion = 1;
	classes = {
	};
	objectVersion = 50;
	objects = {

/* Begin PBXBuildFile section */
		50B2C7E82332169D00BB6D9D /* AppDelegate.swift in Sources */ = {isa = PBXBuildFile; fileRef = 50B2C7E72332169D00BB6D9D /* AppDelegate.swift */; };
		50B2C7EA2332169D00BB6D9D /* ViewController.swift in Sources */ = {isa = PBXBuildFile; fileRef = 50B2C7E92332169D00BB6D9D /* ViewController.swift */; };
		50B2C7ED2332169D00BB6D9D /* Main.storyboard in Resources */ = {isa = PBXBuildFile; fileRef = 50B2C7EB2332169D00BB6D9D /* Main.storyboard */; };
		50B2C7EF233216A000BB6D9D /* Assets.xcassets in Resources */ = {isa = PBXBuildFile; fileRef = 50B2C7EE233216A000BB6D9D /* Assets.xcassets */; };
		50B2C7F2233216A000BB6D9D /* LaunchScreen.storyboard in Resources */ = {isa = PBXBuildFile; fileRef = 50B2C7F0233216A000BB6D9D /* LaunchScreen.storyboard */; };
		50B2C7FD233216A000BB6D9D /* taptapappTests.swift in Sources */ = {isa = PBXBuildFile; fileRef = 50B2C7FC233216A000BB6D9D /* taptapappTests.swift */; };
		50B2C808233216A000BB6D9D /* taptapappUITests.swift in Sources */ = {isa = PBXBuildFile; fileRef = 50B2C807233216A000BB6D9D /* taptapappUITests.swift */; };
		50E020FB233B52070021B6A1 /* winner.swift in Sources */ = {isa = PBXBuildFile; fileRef = 50E020FA233B52070021B6A1 /* winner.swift */; };
/* End PBXBuildFile section */

/* Begin PBXContainerItemProxy section */
		50B2C7F9233216A000BB6D9D /* PBXContainerItemProxy */ = {
			isa = PBXContainerItemProxy;
			containerPortal = 50B2C7DC2332169D00BB6D9D /* Project object */;
			proxyType = 1;
			remoteGlobalIDString = 50B2C7E32332169D00BB6D9D;
			remoteInfo = taptapapp;
		};
		50B2C804233216A000BB6D9D /* PBXContainerItemProxy */ = {
			isa = PBXContainerItemProxy;
			containerPortal = 50B2C7DC2332169D00BB6D9D /* Project object */;
			proxyType = 1;
			remoteGlobalIDString = 50B2C7E32332169D00BB6D9D;
			remoteInfo = taptapapp;
		};
/* End PBXContainerItemProxy section */

/* Begin PBXFileReference section */
		50B2C7E42332169D00BB6D9D /* taptapapp.app */ = {isa = PBXFileReference; explicitFileType = wrapper.application; includeInIndex = 0; path = taptapapp.app; sourceTree = BUILT_PRODUCTS_DIR; };
		50B2C7E72332169D00BB6D9D /* AppDelegate.swift */ = {isa = PBXFileReference; lastKnownFileType = sourcecode.swift; path = AppDelegate.swift; sourceTree = "<group>"; };
		50B2C7E92332169D00BB6D9D /* ViewController.swift */ = {isa = PBXFileReference; lastKnownFileType = sourcecode.swift; path = ViewController.swift; sourceTree = "<group>"; };
		50B2C7EC2332169D00BB6D9D /* Base */ = {isa = PBXFileReference; lastKnownFileType = file.storyboard; name = Base; path = Base.lproj/Main.storyboard; sourceTree = "<group>"; };
		50B2C7EE233216A000BB6D9D /* Assets.xcassets */ = {isa = PBXFileReference; lastKnownFileType = folder.assetcatalog; path = Assets.xcassets; sourceTree = "<group>"; };
		50B2C7F1233216A000BB6D9D /* Base */ = {isa = PBXFileReference; lastKnownFileType = file.storyboard; name = Base; path = Base.lproj/LaunchScreen.storyboard; sourceTree = "<group>"; };
		50B2C7F3233216A000BB6D9D /* Info.plist */ = {isa = PBXFileReference; lastKnownFileType = text.plist.xml; path = Info.plist; sourceTree = "<group>"; };
		50B2C7F8233216A000BB6D9D /* taptapappTests.xctest */ = {isa = PBXFileReference; explicitFileType = wrapper.cfbundle; includeInIndex = 0; path = taptapappTests.xctest; sourceTree = BUILT_PRODUCTS_DIR; };
		50B2C7FC233216A000BB6D9D /* taptapappTests.swift */ = {isa = PBXFileReference; lastKnownFileType = sourcecode.swift; path = taptapappTests.swift; sourceTree = "<group>"; };
		50B2C7FE233216A000BB6D9D /* Info.plist */ = {isa = PBXFileReference; lastKnownFileType = text.plist.xml; path = Info.plist; sourceTree = "<group>"; };
		50B2C803233216A000BB6D9D /* taptapappUITests.xctest */ = {isa = PBXFileReference; explicitFileType = wrapper.cfbundle; includeInIndex = 0; path = taptapappUITests.xctest; sourceTree = BUILT_PRODUCTS_DIR; };
		50B2C807233216A000BB6D9D /* taptapappUITests.swift */ = {isa = PBXFileReference; lastKnownFileType = sourcecode.swift; path = taptapappUITests.swift; sourceTree = "<group>"; };
		50B2C809233216A000BB6D9D /* Info.plist */ = {isa = PBXFileReference; lastKnownFileType = text.plist.xml; path = Info.plist; sourceTree = "<group>"; };
		50E020FA233B52070021B6A1 /* winner.swift */ = {isa = PBXFileReference; lastKnownFileType = sourcecode.swift; path = winner.swift; sourceTree = "<group>"; };
/* End PBXFileReference section */

/* Begin PBXFrameworksBuildPhase section */
		50B2C7E12332169D00BB6D9D /* Frameworks */ = {
			isa = PBXFrameworksBuildPhase;
			buildActionMask = 2147483647;
			files = (
			);
			runOnlyForDeploymentPostprocessing = 0;
		};
		50B2C7F5233216A000BB6D9D /* Frameworks */ = {
			isa = PBXFrameworksBuildPhase;
			buildActionMask = 2147483647;
			files = (
			);
			runOnlyForDeploymentPostprocessing = 0;
		};
		50B2C800233216A000BB6D9D /* Frameworks */ = {
			isa = PBXFrameworksBuildPhase;
			buildActionMask = 2147483647;
			files = (
			);
			runOnlyForDeploymentPostprocessing = 0;
		};
/* End PBXFrameworksBuildPhase section */

/* Begin PBXGroup section */
		50B2C7DB2332169D00BB6D9D = {
			isa = PBXGroup;
			children = (
				50B2C7E62332169D00BB6D9D /* taptapapp */,
				50B2C7FB233216A000BB6D9D /* taptapappTests */,
				50B2C806233216A000BB6D9D /* taptapappUITests */,
				50B2C7E52332169D00BB6D9D /* Products */,
			);
			sourceTree = "<group>";
		};
		50B2C7E52332169D00BB6D9D /* Products */ = {
			isa = PBXGroup;
			children = (
				50B2C7E42332169D00BB6D9D /* taptapapp.app */,
				50B2C7F8233216A000BB6D9D /* taptapappTests.xctest */,
				50B2C803233216A000BB6D9D /* taptapappUITests.xctest */,
			);
			name = Products;
			sourceTree = "<group>";
		};
		50B2C7E62332169D00BB6D9D /* taptapapp */ = {
			isa = PBXGroup;
			children = (
				50B2C7E72332169D00BB6D9D /* AppDelegate.swift */,
				50E020FA233B52070021B6A1 /* winner.swift */,
				50B2C7E92332169D00BB6D9D /* ViewController.swift */,
				50B2C7EB2332169D00BB6D9D /* Main.storyboard */,
				50B2C7EE233216A000BB6D9D /* Assets.xcassets */,
				50B2C7F0233216A000BB6D9D /* LaunchScreen.storyboard */,
				50B2C7F3233216A000BB6D9D /* Info.plist */,
			);
			path = taptapapp;
			sourceTree = "<group>";
		};
		50B2C7FB233216A000BB6D9D /* taptapappTests */ = {
			isa = PBXGroup;
			children = (
				50B2C7FC233216A000BB6D9D /* taptapappTests.swift */,
				50B2C7FE233216A000BB6D9D /* Info.plist */,
			);
			path = taptapappTests;
			sourceTree = "<group>";
		};
		50B2C806233216A000BB6D9D /* taptapappUITests */ = {
			isa = PBXGroup;
			children = (
				50B2C807233216A000BB6D9D /* taptapappUITests.swift */,
				50B2C809233216A000BB6D9D /* Info.plist */,
			);
			path = taptapappUITests;
			sourceTree = "<group>";
		};
/* End PBXGroup section */

/* Begin PBXNativeTarget section */
		50B2C7E32332169D00BB6D9D /* taptapapp */ = {
			isa = PBXNativeTarget;
			buildConfigurationList = 50B2C80C233216A000BB6D9D /* Build configuration list for PBXNativeTarget "taptapapp" */;
			buildPhases = (
				50B2C7E02332169D00BB6D9D /* Sources */,
				50B2C7E12332169D00BB6D9D /* Frameworks */,
				50B2C7E22332169D00BB6D9D /* Resources */,
			);
			buildRules = (
			);
			dependencies = (
			);
			name = taptapapp;
			productName = taptapapp;
			productReference = 50B2C7E42332169D00BB6D9D /* taptapapp.app */;
			productType = "com.apple.product-type.application";
		};
		50B2C7F7233216A000BB6D9D /* taptapappTests */ = {
			isa = PBXNativeTarget;
			buildConfigurationList = 50B2C80F233216A000BB6D9D /* Build configuration list for PBXNativeTarget "taptapappTests" */;
			buildPhases = (
				50B2C7F4233216A000BB6D9D /* Sources */,
				50B2C7F5233216A000BB6D9D /* Frameworks */,
				50B2C7F6233216A000BB6D9D /* Resources */,
			);
			buildRules = (
			);
			dependencies = (
				50B2C7FA233216A000BB6D9D /* PBXTargetDependency */,
			);
			name = taptapappTests;
			productName = taptapappTests;
			productReference = 50B2C7F8233216A000BB6D9D /* taptapappTests.xctest */;
			productType = "com.apple.product-type.bundle.unit-test";
		};
		50B2C802233216A000BB6D9D /* taptapappUITests */ = {
			isa = PBXNativeTarget;
			buildConfigurationList = 50B2C812233216A000BB6D9D /* Build configuration list for PBXNativeTarget "taptapappUITests" */;
			buildPhases = (
				50B2C7FF233216A000BB6D9D /* Sources */,
				50B2C800233216A000BB6D9D /* Frameworks */,
				50B2C801233216A000BB6D9D /* Resources */,
			);
			buildRules = (
			);
			dependencies = (
				50B2C805233216A000BB6D9D /* PBXTargetDependency */,
			);
			name = taptapappUITests;
			productName = taptapappUITests;
			productReference = 50B2C803233216A000BB6D9D /* taptapappUITests.xctest */;
			productType = "com.apple.product-type.bundle.ui-testing";
		};
/* End PBXNativeTarget section */

/* Begin PBXProject section */
		50B2C7DC2332169D00BB6D9D /* Project object */ = {
			isa = PBXProject;
			attributes = {
				LastSwiftUpdateCheck = 1010;
				LastUpgradeCheck = 1010;
				ORGANIZATIONNAME = "Xinyun Wu";
				TargetAttributes = {
					50B2C7E32332169D00BB6D9D = {
						CreatedOnToolsVersion = 10.1;
					};
					50B2C7F7233216A000BB6D9D = {
						CreatedOnToolsVersion = 10.1;
						TestTargetID = 50B2C7E32332169D00BB6D9D;
					};
					50B2C802233216A000BB6D9D = {
						CreatedOnToolsVersion = 10.1;
						TestTargetID = 50B2C7E32332169D00BB6D9D;
					};
				};
			};
			buildConfigurationList = 50B2C7DF2332169D00BB6D9D /* Build configuration list for PBXProject "taptapapp" */;
			compatibilityVersion = "Xcode 9.3";
			developmentRegion = en;
			hasScannedForEncodings = 0;
			knownRegions = (
				en,
				Base,
			);
			mainGroup = 50B2C7DB2332169D00BB6D9D;
			productRefGroup = 50B2C7E52332169D00BB6D9D /* Products */;
			projectDirPath = "";
			projectRoot = "";
			targets = (
				50B2C7E32332169D00BB6D9D /* taptapapp */,
				50B2C7F7233216A000BB6D9D /* taptapappTests */,
				50B2C802233216A000BB6D9D /* taptapappUITests */,
			);
		};
/* End PBXProject section */

/* Begin PBXResourcesBuildPhase section */
		50B2C7E22332169D00BB6D9D /* Resources */ = {
			isa = PBXResourcesBuildPhase;
			buildActionMask = 2147483647;
			files = (
				50B2C7F2233216A000BB6D9D /* LaunchScreen.storyboard in Resources */,
				50B2C7EF233216A000BB6D9D /* Assets.xcassets in Resources */,
				50B2C7ED2332169D00BB6D9D /* Main.storyboard in Resources */,
			);
			runOnlyForDeploymentPostprocessing = 0;
		};
		50B2C7F6233216A000BB6D9D /* Resources */ = {
			isa = PBXResourcesBuildPhase;
			buildActionMask = 2147483647;
			files = (
			);
			runOnlyForDeploymentPostprocessing = 0;
		};
		50B2C801233216A000BB6D9D /* Resources */ = {
			isa = PBXResourcesBuildPhase;
			buildActionMask = 2147483647;
			files = (
			);
			runOnlyForDeploymentPostprocessing = 0;
		};
/* End PBXResourcesBuildPhase section */

/* Begin PBXSourcesBuildPhase section */
		50B2C7E02332169D00BB6D9D /* Sources */ = {
			isa = PBXSourcesBuildPhase;
			buildActionMask = 2147483647;
			files = (
				50B2C7EA2332169D00BB6D9D /* ViewController.swift in Sources */,
				50B2C7E82332169D00BB6D9D /* AppDelegate.swift in Sources */,
				50E020FB233B52070021B6A1 /* winner.swift in Sources */,
			);
			runOnlyForDeploymentPostprocessing = 0;
		};
		50B2C7F4233216A000BB6D9D /* Sources */ = {
			isa = PBXSourcesBuildPhase;
			buildActionMask = 2147483647;
			files = (
				50B2C7FD233216A000BB6D9D /* taptapappTests.swift in Sources */,
			);
			runOnlyForDeploymentPostprocessing = 0;
		};
		50B2C7FF233216A000BB6D9D /* Sources */ = {
			isa = PBXSourcesBuildPhase;
			buildActionMask = 2147483647;
			files = (
				50B2C808233216A000BB6D9D /* taptapappUITests.swift in Sources */,
			);
			runOnlyForDeploymentPostprocessing = 0;
		};
/* End PBXSourcesBuildPhase section */

/* Begin PBXTargetDependency section */
		50B2C7FA233216A000BB6D9D /* PBXTargetDependency */ = {
			isa = PBXTargetDependency;
			target = 50B2C7E32332169D00BB6D9D /* taptapapp */;
			targetProxy = 50B2C7F9233216A000BB6D9D /* PBXContainerItemProxy */;
		};
		50B2C805233216A000BB6D9D /* PBXTargetDependency */ = {
			isa = PBXTargetDependency;
			target = 50B2C7E32332169D00BB6D9D /* taptapapp */;
			targetProxy = 50B2C804233216A000BB6D9D /* PBXContainerItemProxy */;
		};
/* End PBXTargetDependency section */

/* Begin PBXVariantGroup section */
		50B2C7EB2332169D00BB6D9D /* Main.storyboard */ = {
			isa = PBXVariantGroup;
			children = (
				50B2C7EC2332169D00BB6D9D /* Base */,
			);
			name = Main.storyboard;
			sourceTree = "<group>";
		};
		50B2C7F0233216A000BB6D9D /* LaunchScreen.storyboard */ = {
			isa = PBXVariantGroup;
			children = (
				50B2C7F1233216A000BB6D9D /* Base */,
			);
			name = LaunchScreen.storyboard;
			sourceTree = "<group>";
		};
/* End PBXVariantGroup section */

/* Begin XCBuildConfiguration section */
		50B2C80A233216A000BB6D9D /* Debug */ = {
			isa = XCBuildConfiguration;
			buildSettings = {
				ALWAYS_SEARCH_USER_PATHS = NO;
				CLANG_ANALYZER_NONNULL = YES;
				CLANG_ANALYZER_NUMBER_OBJECT_CONVERSION = YES_AGGRESSIVE;
				CLANG_CXX_LANGUAGE_STANDARD = "gnu++14";
				CLANG_CXX_LIBRARY = "libc++";
				CLANG_ENABLE_MODULES = YES;
				CLANG_ENABLE_OBJC_ARC = YES;
				CLANG_ENABLE_OBJC_WEAK = YES;
				CLANG_WARN_BLOCK_CAPTURE_AUTORELEASING = YES;
				CLANG_WARN_BOOL_CONVERSION = YES;
				CLANG_WARN_COMMA = YES;
				CLANG_WARN_CONSTANT_CONVERSION = YES;
				CLANG_WARN_DEPRECATED_OBJC_IMPLEMENTATIONS = YES;
				CLANG_WARN_DIRECT_OBJC_ISA_USAGE = YES_ERROR;
				CLANG_WARN_DOCUMENTATION_COMMENTS = YES;
				CLANG_WARN_EMPTY_BODY = YES;
				CLANG_WARN_ENUM_CONVERSION = YES;
				CLANG_WARN_INFINITE_RECURSION = YES;
				CLANG_WARN_INT_CONVERSION = YES;
				CLANG_WARN_NON_LITERAL_NULL_CONVERSION = YES;
				CLANG_WARN_OBJC_IMPLICIT_RETAIN_SELF = YES;
				CLANG_WARN_OBJC_LITERAL_CONVERSION = YES;
				CLANG_WARN_OBJC_ROOT_CLASS = YES_ERROR;
				CLANG_WARN_RANGE_LOOP_ANALYSIS = YES;
				CLANG_WARN_STRICT_PROTOTYPES = YES;
				CLANG_WARN_SUSPICIOUS_MOVE = YES;
				CLANG_WARN_UNGUARDED_AVAILABILITY = YES_AGGRESSIVE;
				CLANG_WARN_UNREACHABLE_CODE = YES;
				CLANG_WARN__DUPLICATE_METHOD_MATCH = YES;
				CODE_SIGN_IDENTITY = "iPhone Developer";
				COPY_PHASE_STRIP = NO;
				DEBUG_INFORMATION_FORMAT = dwarf;
				ENABLE_STRICT_OBJC_MSGSEND = YES;
				ENABLE_TESTABILITY = YES;
				GCC_C_LANGUAGE_STANDARD = gnu11;
				GCC_DYNAMIC_NO_PIC = NO;
				GCC_NO_COMMON_BLOCKS = YES;
				GCC_OPTIMIZATION_LEVEL = 0;
				GCC_PREPROCESSOR_DEFINITIONS = (
					"DEBUG=1",
					"$(inherited)",
				);
				GCC_WARN_64_TO_32_BIT_CONVERSION = YES;
				GCC_WARN_ABOUT_RETURN_TYPE = YES_ERROR;
				GCC_WARN_UNDECLARED_SELECTOR = YES;
				GCC_WARN_UNINITIALIZED_AUTOS = YES_AGGRESSIVE;
				GCC_WARN_UNUSED_FUNCTION = YES;
				GCC_WARN_UNUSED_VARIABLE = YES;
				IPHONEOS_DEPLOYMENT_TARGET = 12.1;
				MTL_ENABLE_DEBUG_INFO = INCLUDE_SOURCE;
				MTL_FAST_MATH = YES;
				ONLY_ACTIVE_ARCH = YES;
				SDKROOT = iphoneos;
				SWIFT_ACTIVE_COMPILATION_CONDITIONS = DEBUG;
				SWIFT_OPTIMIZATION_LEVEL = "-Onone";
			};
			name = Debug;
		};
		50B2C80B233216A000BB6D9D /* Release */ = {
			isa = XCBuildConfiguration;
			buildSettings = {
				ALWAYS_SEARCH_USER_PATHS = NO;
				CLANG_ANALYZER_NONNULL = YES;
				CLANG_ANALYZER_NUMBER_OBJECT_CONVERSION = YES_AGGRESSIVE;
				CLANG_CXX_LANGUAGE_STANDARD = "gnu++14";
				CLANG_CXX_LIBRARY = "libc++";
				CLANG_ENABLE_MODULES = YES;
				CLANG_ENABLE_OBJC_ARC = YES;
				CLANG_ENABLE_OBJC_WEAK = YES;
				CLANG_WARN_BLOCK_CAPTURE_AUTORELEASING = YES;
				CLANG_WARN_BOOL_CONVERSION = YES;
				CLANG_WARN_COMMA = YES;
				CLANG_WARN_CONSTANT_CONVERSION = YES;
				CLANG_WARN_DEPRECATED_OBJC_IMPLEMENTATIONS = YES;
				CLANG_WARN_DIRECT_OBJC_ISA_USAGE = YES_ERROR;
				CLANG_WARN_DOCUMENTATION_COMMENTS = YES;
				CLANG_WARN_EMPTY_BODY = YES;
				CLANG_WARN_ENUM_CONVERSION = YES;
				CLANG_WARN_INFINITE_RECURSION = YES;
				CLANG_WARN_INT_CONVERSION = YES;
				CLANG_WARN_NON_LITERAL_NULL_CONVERSION = YES;
				CLANG_WARN_OBJC_IMPLICIT_RETAIN_SELF = YES;
				CLANG_WARN_OBJC_LITERAL_CONVERSION = YES;
				CLANG_WARN_OBJC_ROOT_CLASS = YES_ERROR;
				CLANG_WARN_RANGE_LOOP_ANALYSIS = YES;
				CLANG_WARN_STRICT_PROTOTYPES = YES;
				CLANG_WARN_SUSPICIOUS_MOVE = YES;
				CLANG_WARN_UNGUARDED_AVAILABILITY = YES_AGGRESSIVE;
				CLANG_WARN_UNREACHABLE_CODE = YES;
				CLANG_WARN__DUPLICATE_METHOD_MATCH = YES;
				CODE_SIGN_IDENTITY = "iPhone Developer";
				COPY_PHASE_STRIP = NO;
				DEBUG_INFORMATION_FORMAT = "dwarf-with-dsym";
				ENABLE_NS_ASSERTIONS = NO;
				ENABLE_STRICT_OBJC_MSGSEND = YES;
				GCC_C_LANGUAGE_STANDARD = gnu11;
				GCC_NO_COMMON_BLOCKS = YES;
				GCC_WARN_64_TO_32_BIT_CONVERSION = YES;
				GCC_WARN_ABOUT_RETURN_TYPE = YES_ERROR;
				GCC_WARN_UNDECLARED_SELECTOR = YES;
				GCC_WARN_UNINITIALIZED_AUTOS = YES_AGGRESSIVE;
				GCC_WARN_UNUSED_FUNCTION = YES;
				GCC_WARN_UNUSED_VARIABLE = YES;
				IPHONEOS_DEPLOYMENT_TARGET = 12.1;
				MTL_ENABLE_DEBUG_INFO = NO;
				MTL_FAST_MATH = YES;
				SDKROOT = iphoneos;
				SWIFT_COMPILATION_MODE = wholemodule;
				SWIFT_OPTIMIZATION_LEVEL = "-O";
				VALIDATE_PRODUCT = YES;
			};
			name = Release;
		};
		50B2C80D233216A000BB6D9D /* Debug */ = {
			isa = XCBuildConfiguration;
			buildSettings = {
				ASSETCATALOG_COMPILER_APPICON_NAME = AppIcon;
				CODE_SIGN_STYLE = Automatic;
				DEVELOPMENT_TEAM = Y6DDCN53QX;
				INFOPLIST_FILE = taptapapp/Info.plist;
				LD_RUNPATH_SEARCH_PATHS = (
					"$(inherited)",
					"@executable_path/Frameworks",
				);
				PRODUCT_BUNDLE_IDENTIFIER = onesoft.taptapapp;
				PRODUCT_NAME = "$(TARGET_NAME)";
				SWIFT_VERSION = 4.2;
				TARGETED_DEVICE_FAMILY = "1,2";
			};
			name = Debug;
		};
		50B2C80E233216A000BB6D9D /* Release */ = {
			isa = XCBuildConfiguration;
			buildSettings = {
				ASSETCATALOG_COMPILER_APPICON_NAME = AppIcon;
				CODE_SIGN_STYLE = Automatic;
				DEVELOPMENT_TEAM = Y6DDCN53QX;
				INFOPLIST_FILE = taptapapp/Info.plist;
				LD_RUNPATH_SEARCH_PATHS = (
					"$(inherited)",
					"@executable_path/Frameworks",
				);
				PRODUCT_BUNDLE_IDENTIFIER = onesoft.taptapapp;
				PRODUCT_NAME = "$(TARGET_NAME)";
				SWIFT_VERSION = 4.2;
				TARGETED_DEVICE_FAMILY = "1,2";
			};
			name = Release;
		};
		50B2C810233216A000BB6D9D /* Debug */ = {
			isa = XCBuildConfiguration;
			buildSettings = {
				ALWAYS_EMBED_SWIFT_STANDARD_LIBRARIES = YES;
				BUNDLE_LOADER = "$(TEST_HOST)";
				CODE_SIGN_STYLE = Automatic;
				INFOPLIST_FILE = taptapappTests/Info.plist;
				LD_RUNPATH_SEARCH_PATHS = (
					"$(inherited)",
					"@executable_path/Frameworks",
					"@loader_path/Frameworks",
				);
				PRODUCT_BUNDLE_IDENTIFIER = onesoft.taptapappTests;
				PRODUCT_NAME = "$(TARGET_NAME)";
				SWIFT_VERSION = 4.2;
				TARGETED_DEVICE_FAMILY = "1,2";
				TEST_HOST = "$(BUILT_PRODUCTS_DIR)/taptapapp.app/taptapapp";
			};
			name = Debug;
		};
		50B2C811233216A000BB6D9D /* Release */ = {
			isa = XCBuildConfiguration;
			buildSettings = {
				ALWAYS_EMBED_SWIFT_STANDARD_LIBRARIES = YES;
				BUNDLE_LOADER = "$(TEST_HOST)";
				CODE_SIGN_STYLE = Automatic;
				INFOPLIST_FILE = taptapappTests/Info.plist;
				LD_RUNPATH_SEARCH_PATHS = (
					"$(inherited)",
					"@executable_path/Frameworks",
					"@loader_path/Frameworks",
				);
				PRODUCT_BUNDLE_IDENTIFIER = onesoft.taptapappTests;
				PRODUCT_NAME = "$(TARGET_NAME)";
				SWIFT_VERSION = 4.2;
				TARGETED_DEVICE_FAMILY = "1,2";
				TEST_HOST = "$(BUILT_PRODUCTS_DIR)/taptapapp.app/taptapapp";
			};
			name = Release;
		};
		50B2C813233216A000BB6D9D /* Debug */ = {
			isa = XCBuildConfiguration;
			buildSettings = {
				ALWAYS_EMBED_SWIFT_STANDARD_LIBRARIES = YES;
				CODE_SIGN_STYLE = Automatic;
				INFOPLIST_FILE = taptapappUITests/Info.plist;
				LD_RUNPATH_SEARCH_PATHS = (
					"$(inherited)",
					"@executable_path/Frameworks",
					"@loader_path/Frameworks",
				);
				PRODUCT_BUNDLE_IDENTIFIER = onesoft.taptapappUITests;
				PRODUCT_NAME = "$(TARGET_NAME)";
				SWIFT_VERSION = 4.2;
				TARGETED_DEVICE_FAMILY = "1,2";
				TEST_TARGET_NAME = taptapapp;
			};
			name = Debug;
		};
		50B2C814233216A000BB6D9D /* Release */ = {
			isa = XCBuildConfiguration;
			buildSettings = {
				ALWAYS_EMBED_SWIFT_STANDARD_LIBRARIES = YES;
				CODE_SIGN_STYLE = Automatic;
				INFOPLIST_FILE = taptapappUITests/Info.plist;
				LD_RUNPATH_SEARCH_PATHS = (
					"$(inherited)",
					"@executable_path/Frameworks",
					"@loader_path/Frameworks",
				);
				PRODUCT_BUNDLE_IDENTIFIER = onesoft.taptapappUITests;
				PRODUCT_NAME = "$(TARGET_NAME)";
				SWIFT_VERSION = 4.2;
				TARGETED_DEVICE_FAMILY = "1,2";
				TEST_TARGET_NAME = taptapapp;
			};
			name = Release;
		};
/* End XCBuildConfiguration section */

/* Begin XCConfigurationList section */
		50B2C7DF2332169D00BB6D9D /* Build configuration list for PBXProject "taptapapp" */ = {
			isa = XCConfigurationList;
			buildConfigurations = (
				50B2C80A233216A000BB6D9D /* Debug */,
				50B2C80B233216A000BB6D9D /* Release */,
			);
			defaultConfigurationIsVisible = 0;
			defaultConfigurationName = Release;
		};
		50B2C80C233216A000BB6D9D /* Build configuration list for PBXNativeTarget "taptapapp" */ = {
			isa = XCConfigurationList;
			buildConfigurations = (
				50B2C80D233216A000BB6D9D /* Debug */,
				50B2C80E233216A000BB6D9D /* Release */,
			);
			defaultConfigurationIsVisible = 0;
			defaultConfigurationName = Release;
		};
		50B2C80F233216A000BB6D9D /* Build configuration list for PBXNativeTarget "taptapappTests" */ = {
			isa = XCConfigurationList;
			buildConfigurations = (
				50B2C810233216A000BB6D9D /* Debug */,
				50B2C811233216A000BB6D9D /* Release */,
			);
			defaultConfigurationIsVisible = 0;
			defaultConfigurationName = Release;
		};
		50B2C812233216A000BB6D9D /* Build configuration list for PBXNativeTarget "taptapappUITests" */ = {
			isa = XCConfigurationList;
			buildConfigurations = (
				50B2C813233216A000BB6D9D /* Debug */,
				50B2C814233216A000BB6D9D /* Release */,
			);
			defaultConfigurationIsVisible = 0;
			defaultConfigurationName = Release;
		};
/* End XCConfigurationList section */
	};
	rootObject = 50B2C7DC2332169D00BB6D9D /* Project object */;
}
