// !$*UTF8*$!
{
	archiveVersion = 1;
	classes = {
	};
	objectVersion = 50;
	objects = {

/* Begin PBXBuildFile section */
		50BB53EF233E021400509A15 /* AppDelegate.swift in Sources */ = {isa = PBXBuildFile; fileRef = 50BB53EE233E021400509A15 /* AppDelegate.swift */; };
		50BB53F1233E021400509A15 /* SceneDelegate.swift in Sources */ = {isa = PBXBuildFile; fileRef = 50BB53F0233E021400509A15 /* SceneDelegate.swift */; };
		50BB53F6233E021400509A15 /* Main.storyboard in Resources */ = {isa = PBXBuildFile; fileRef = 50BB53F4233E021400509A15 /* Main.storyboard */; };
		50BB53F8233E021600509A15 /* Assets.xcassets in Resources */ = {isa = PBXBuildFile; fileRef = 50BB53F7233E021600509A15 /* Assets.xcassets */; };
		50BB53FB233E021600509A15 /* LaunchScreen.storyboard in Resources */ = {isa = PBXBuildFile; fileRef = 50BB53F9233E021600509A15 /* LaunchScreen.storyboard */; };
		50BB5406233E021600509A15 /* Supper_Hero_APPTests.swift in Sources */ = {isa = PBXBuildFile; fileRef = 50BB5405233E021600509A15 /* Supper_Hero_APPTests.swift */; };
		50BB5411233E021600509A15 /* Supper_Hero_APPUITests.swift in Sources */ = {isa = PBXBuildFile; fileRef = 50BB5410233E021600509A15 /* Supper_Hero_APPUITests.swift */; };
		50BB541F233E02B800509A15 /* HERO.swift in Sources */ = {isa = PBXBuildFile; fileRef = 50BB541E233E02B800509A15 /* HERO.swift */; };
		50BB5423233E082100509A15 /* ViewController.swift in Sources */ = {isa = PBXBuildFile; fileRef = 50BB5422233E082100509A15 /* ViewController.swift */; };
/* End PBXBuildFile section */

/* Begin PBXContainerItemProxy section */
		50BB5402233E021600509A15 /* PBXContainerItemProxy */ = {
			isa = PBXContainerItemProxy;
			containerPortal = 50BB53E3233E021400509A15 /* Project object */;
			proxyType = 1;
			remoteGlobalIDString = 50BB53EA233E021400509A15;
			remoteInfo = "Supper Hero APP";
		};
		50BB540D233E021600509A15 /* PBXContainerItemProxy */ = {
			isa = PBXContainerItemProxy;
			containerPortal = 50BB53E3233E021400509A15 /* Project object */;
			proxyType = 1;
			remoteGlobalIDString = 50BB53EA233E021400509A15;
			remoteInfo = "Supper Hero APP";
		};
/* End PBXContainerItemProxy section */

/* Begin PBXFileReference section */
		50BB53EB233E021400509A15 /* Supper Hero APP.app */ = {isa = PBXFileReference; explicitFileType = wrapper.application; includeInIndex = 0; path = "Supper Hero APP.app"; sourceTree = BUILT_PRODUCTS_DIR; };
		50BB53EE233E021400509A15 /* AppDelegate.swift */ = {isa = PBXFileReference; lastKnownFileType = sourcecode.swift; path = AppDelegate.swift; sourceTree = "<group>"; };
		50BB53F0233E021400509A15 /* SceneDelegate.swift */ = {isa = PBXFileReference; lastKnownFileType = sourcecode.swift; path = SceneDelegate.swift; sourceTree = "<group>"; };
		50BB53F5233E021400509A15 /* Base */ = {isa = PBXFileReference; lastKnownFileType = file.storyboard; name = Base; path = Base.lproj/Main.storyboard; sourceTree = "<group>"; };
		50BB53F7233E021600509A15 /* Assets.xcassets */ = {isa = PBXFileReference; lastKnownFileType = folder.assetcatalog; path = Assets.xcassets; sourceTree = "<group>"; };
		50BB53FA233E021600509A15 /* Base */ = {isa = PBXFileReference; lastKnownFileType = file.storyboard; name = Base; path = Base.lproj/LaunchScreen.storyboard; sourceTree = "<group>"; };
		50BB53FC233E021600509A15 /* Info.plist */ = {isa = PBXFileReference; lastKnownFileType = text.plist.xml; path = Info.plist; sourceTree = "<group>"; };
		50BB5401233E021600509A15 /* Supper Hero APPTests.xctest */ = {isa = PBXFileReference; explicitFileType = wrapper.cfbundle; includeInIndex = 0; path = "Supper Hero APPTests.xctest"; sourceTree = BUILT_PRODUCTS_DIR; };
		50BB5405233E021600509A15 /* Supper_Hero_APPTests.swift */ = {isa = PBXFileReference; lastKnownFileType = sourcecode.swift; path = Supper_Hero_APPTests.swift; sourceTree = "<group>"; };
		50BB5407233E021600509A15 /* Info.plist */ = {isa = PBXFileReference; lastKnownFileType = text.plist.xml; path = Info.plist; sourceTree = "<group>"; };
		50BB540C233E021600509A15 /* Supper Hero APPUITests.xctest */ = {isa = PBXFileReference; explicitFileType = wrapper.cfbundle; includeInIndex = 0; path = "Supper Hero APPUITests.xctest"; sourceTree = BUILT_PRODUCTS_DIR; };
		50BB5410233E021600509A15 /* Supper_Hero_APPUITests.swift */ = {isa = PBXFileReference; lastKnownFileType = sourcecode.swift; path = Supper_Hero_APPUITests.swift; sourceTree = "<group>"; };
		50BB5412233E021600509A15 /* Info.plist */ = {isa = PBXFileReference; lastKnownFileType = text.plist.xml; path = Info.plist; sourceTree = "<group>"; };
		50BB541E233E02B800509A15 /* HERO.swift */ = {isa = PBXFileReference; lastKnownFileType = sourcecode.swift; path = HERO.swift; sourceTree = "<group>"; };
		50BB5422233E082100509A15 /* ViewController.swift */ = {isa = PBXFileReference; lastKnownFileType = sourcecode.swift; path = ViewController.swift; sourceTree = "<group>"; };
/* End PBXFileReference section */

/* Begin PBXFrameworksBuildPhase section */
		50BB53E8233E021400509A15 /* Frameworks */ = {
			isa = PBXFrameworksBuildPhase;
			buildActionMask = 2147483647;
			files = (
			);
			runOnlyForDeploymentPostprocessing = 0;
		};
		50BB53FE233E021600509A15 /* Frameworks */ = {
			isa = PBXFrameworksBuildPhase;
			buildActionMask = 2147483647;
			files = (
			);
			runOnlyForDeploymentPostprocessing = 0;
		};
		50BB5409233E021600509A15 /* Frameworks */ = {
			isa = PBXFrameworksBuildPhase;
			buildActionMask = 2147483647;
			files = (
			);
			runOnlyForDeploymentPostprocessing = 0;
		};
/* End PBXFrameworksBuildPhase section */

/* Begin PBXGroup section */
		50BB53E2233E021400509A15 = {
			isa = PBXGroup;
			children = (
				50BB53ED233E021400509A15 /* Supper Hero APP */,
				50BB5404233E021600509A15 /* Supper Hero APPTests */,
				50BB540F233E021600509A15 /* Supper Hero APPUITests */,
				50BB53EC233E021400509A15 /* Products */,
			);
			sourceTree = "<group>";
		};
		50BB53EC233E021400509A15 /* Products */ = {
			isa = PBXGroup;
			children = (
				50BB53EB233E021400509A15 /* Supper Hero APP.app */,
				50BB5401233E021600509A15 /* Supper Hero APPTests.xctest */,
				50BB540C233E021600509A15 /* Supper Hero APPUITests.xctest */,
			);
			name = Products;
			sourceTree = "<group>";
		};
		50BB53ED233E021400509A15 /* Supper Hero APP */ = {
			isa = PBXGroup;
			children = (
				50BB53EE233E021400509A15 /* AppDelegate.swift */,
				50BB53F0233E021400509A15 /* SceneDelegate.swift */,
				50BB53F4233E021400509A15 /* Main.storyboard */,
				50BB5422233E082100509A15 /* ViewController.swift */,
				50BB53F7233E021600509A15 /* Assets.xcassets */,
				50BB53F9233E021600509A15 /* LaunchScreen.storyboard */,
				50BB541E233E02B800509A15 /* HERO.swift */,
				50BB53FC233E021600509A15 /* Info.plist */,
			);
			path = "Supper Hero APP";
			sourceTree = "<group>";
		};
		50BB5404233E021600509A15 /* Supper Hero APPTests */ = {
			isa = PBXGroup;
			children = (
				50BB5405233E021600509A15 /* Supper_Hero_APPTests.swift */,
				50BB5407233E021600509A15 /* Info.plist */,
			);
			path = "Supper Hero APPTests";
			sourceTree = "<group>";
		};
		50BB540F233E021600509A15 /* Supper Hero APPUITests */ = {
			isa = PBXGroup;
			children = (
				50BB5410233E021600509A15 /* Supper_Hero_APPUITests.swift */,
				50BB5412233E021600509A15 /* Info.plist */,
			);
			path = "Supper Hero APPUITests";
			sourceTree = "<group>";
		};
/* End PBXGroup section */

/* Begin PBXNativeTarget section */
		50BB53EA233E021400509A15 /* Supper Hero APP */ = {
			isa = PBXNativeTarget;
			buildConfigurationList = 50BB5415233E021600509A15 /* Build configuration list for PBXNativeTarget "Supper Hero APP" */;
			buildPhases = (
				50BB53E7233E021400509A15 /* Sources */,
				50BB53E8233E021400509A15 /* Frameworks */,
				50BB53E9233E021400509A15 /* Resources */,
			);
			buildRules = (
			);
			dependencies = (
			);
			name = "Supper Hero APP";
			productName = "Supper Hero APP";
			productReference = 50BB53EB233E021400509A15 /* Supper Hero APP.app */;
			productType = "com.apple.product-type.application";
		};
		50BB5400233E021600509A15 /* Supper Hero APPTests */ = {
			isa = PBXNativeTarget;
			buildConfigurationList = 50BB5418233E021600509A15 /* Build configuration list for PBXNativeTarget "Supper Hero APPTests" */;
			buildPhases = (
				50BB53FD233E021600509A15 /* Sources */,
				50BB53FE233E021600509A15 /* Frameworks */,
				50BB53FF233E021600509A15 /* Resources */,
			);
			buildRules = (
			);
			dependencies = (
				50BB5403233E021600509A15 /* PBXTargetDependency */,
			);
			name = "Supper Hero APPTests";
			productName = "Supper Hero APPTests";
			productReference = 50BB5401233E021600509A15 /* Supper Hero APPTests.xctest */;
			productType = "com.apple.product-type.bundle.unit-test";
		};
		50BB540B233E021600509A15 /* Supper Hero APPUITests */ = {
			isa = PBXNativeTarget;
			buildConfigurationList = 50BB541B233E021600509A15 /* Build configuration list for PBXNativeTarget "Supper Hero APPUITests" */;
			buildPhases = (
				50BB5408233E021600509A15 /* Sources */,
				50BB5409233E021600509A15 /* Frameworks */,
				50BB540A233E021600509A15 /* Resources */,
			);
			buildRules = (
			);
			dependencies = (
				50BB540E233E021600509A15 /* PBXTargetDependency */,
			);
			name = "Supper Hero APPUITests";
			productName = "Supper Hero APPUITests";
			productReference = 50BB540C233E021600509A15 /* Supper Hero APPUITests.xctest */;
			productType = "com.apple.product-type.bundle.ui-testing";
		};
/* End PBXNativeTarget section */

/* Begin PBXProject section */
		50BB53E3233E021400509A15 /* Project object */ = {
			isa = PBXProject;
			attributes = {
				LastSwiftUpdateCheck = 1100;
				LastUpgradeCheck = 1100;
				ORGANIZATIONNAME = "Xinyun Wu";
				TargetAttributes = {
					50BB53EA233E021400509A15 = {
						CreatedOnToolsVersion = 11.0;
					};
					50BB5400233E021600509A15 = {
						CreatedOnToolsVersion = 11.0;
						TestTargetID = 50BB53EA233E021400509A15;
					};
					50BB540B233E021600509A15 = {
						CreatedOnToolsVersion = 11.0;
						TestTargetID = 50BB53EA233E021400509A15;
					};
				};
			};
			buildConfigurationList = 50BB53E6233E021400509A15 /* Build configuration list for PBXProject "Supper Hero APP" */;
			compatibilityVersion = "Xcode 9.3";
			developmentRegion = en;
			hasScannedForEncodings = 0;
			knownRegions = (
				en,
				Base,
			);
			mainGroup = 50BB53E2233E021400509A15;
			productRefGroup = 50BB53EC233E021400509A15 /* Products */;
			projectDirPath = "";
			projectRoot = "";
			targets = (
				50BB53EA233E021400509A15 /* Supper Hero APP */,
				50BB5400233E021600509A15 /* Supper Hero APPTests */,
				50BB540B233E021600509A15 /* Supper Hero APPUITests */,
			);
		};
/* End PBXProject section */

/* Begin PBXResourcesBuildPhase section */
		50BB53E9233E021400509A15 /* Resources */ = {
			isa = PBXResourcesBuildPhase;
			buildActionMask = 2147483647;
			files = (
				50BB53FB233E021600509A15 /* LaunchScreen.storyboard in Resources */,
				50BB53F8233E021600509A15 /* Assets.xcassets in Resources */,
				50BB53F6233E021400509A15 /* Main.storyboard in Resources */,
			);
			runOnlyForDeploymentPostprocessing = 0;
		};
		50BB53FF233E021600509A15 /* Resources */ = {
			isa = PBXResourcesBuildPhase;
			buildActionMask = 2147483647;
			files = (
			);
			runOnlyForDeploymentPostprocessing = 0;
		};
		50BB540A233E021600509A15 /* Resources */ = {
			isa = PBXResourcesBuildPhase;
			buildActionMask = 2147483647;
			files = (
			);
			runOnlyForDeploymentPostprocessing = 0;
		};
/* End PBXResourcesBuildPhase section */

/* Begin PBXSourcesBuildPhase section */
		50BB53E7233E021400509A15 /* Sources */ = {
			isa = PBXSourcesBuildPhase;
			buildActionMask = 2147483647;
			files = (
				50BB541F233E02B800509A15 /* HERO.swift in Sources */,
				50BB53EF233E021400509A15 /* AppDelegate.swift in Sources */,
				50BB5423233E082100509A15 /* ViewController.swift in Sources */,
				50BB53F1233E021400509A15 /* SceneDelegate.swift in Sources */,
			);
			runOnlyForDeploymentPostprocessing = 0;
		};
		50BB53FD233E021600509A15 /* Sources */ = {
			isa = PBXSourcesBuildPhase;
			buildActionMask = 2147483647;
			files = (
				50BB5406233E021600509A15 /* Supper_Hero_APPTests.swift in Sources */,
			);
			runOnlyForDeploymentPostprocessing = 0;
		};
		50BB5408233E021600509A15 /* Sources */ = {
			isa = PBXSourcesBuildPhase;
			buildActionMask = 2147483647;
			files = (
				50BB5411233E021600509A15 /* Supper_Hero_APPUITests.swift in Sources */,
			);
			runOnlyForDeploymentPostprocessing = 0;
		};
/* End PBXSourcesBuildPhase section */

/* Begin PBXTargetDependency section */
		50BB5403233E021600509A15 /* PBXTargetDependency */ = {
			isa = PBXTargetDependency;
			target = 50BB53EA233E021400509A15 /* Supper Hero APP */;
			targetProxy = 50BB5402233E021600509A15 /* PBXContainerItemProxy */;
		};
		50BB540E233E021600509A15 /* PBXTargetDependency */ = {
			isa = PBXTargetDependency;
			target = 50BB53EA233E021400509A15 /* Supper Hero APP */;
			targetProxy = 50BB540D233E021600509A15 /* PBXContainerItemProxy */;
		};
/* End PBXTargetDependency section */

/* Begin PBXVariantGroup section */
		50BB53F4233E021400509A15 /* Main.storyboard */ = {
			isa = PBXVariantGroup;
			children = (
				50BB53F5233E021400509A15 /* Base */,
			);
			name = Main.storyboard;
			sourceTree = "<group>";
		};
		50BB53F9233E021600509A15 /* LaunchScreen.storyboard */ = {
			isa = PBXVariantGroup;
			children = (
				50BB53FA233E021600509A15 /* Base */,
			);
			name = LaunchScreen.storyboard;
			sourceTree = "<group>";
		};
/* End PBXVariantGroup section */

/* Begin XCBuildConfiguration section */
		50BB5413233E021600509A15 /* Debug */ = {
			isa = XCBuildConfiguration;
			buildSettings = {
				ALWAYS_SEARCH_USER_PATHS = NO;
				CLANG_ANALYZER_NONNULL = YES;
				CLANG_ANALYZER_NUMBER_OBJECT_CONVERSION = YES_AGGRESSIVE;
				CLANG_CXX_LANGUAGE_STANDARD = "gnu++14";
				CLANG_CXX_LIBRARY = "libc++";
				CLANG_ENABLE_MODULES = YES;
				CLANG_ENABLE_OBJC_ARC = YES;
				CLANG_ENABLE_OBJC_WEAK = YES;
				CLANG_WARN_BLOCK_CAPTURE_AUTORELEASING = YES;
				CLANG_WARN_BOOL_CONVERSION = YES;
				CLANG_WARN_COMMA = YES;
				CLANG_WARN_CONSTANT_CONVERSION = YES;
				CLANG_WARN_DEPRECATED_OBJC_IMPLEMENTATIONS = YES;
				CLANG_WARN_DIRECT_OBJC_ISA_USAGE = YES_ERROR;
				CLANG_WARN_DOCUMENTATION_COMMENTS = YES;
				CLANG_WARN_EMPTY_BODY = YES;
				CLANG_WARN_ENUM_CONVERSION = YES;
				CLANG_WARN_INFINITE_RECURSION = YES;
				CLANG_WARN_INT_CONVERSION = YES;
				CLANG_WARN_NON_LITERAL_NULL_CONVERSION = YES;
				CLANG_WARN_OBJC_IMPLICIT_RETAIN_SELF = YES;
				CLANG_WARN_OBJC_LITERAL_CONVERSION = YES;
				CLANG_WARN_OBJC_ROOT_CLASS = YES_ERROR;
				CLANG_WARN_RANGE_LOOP_ANALYSIS = YES;
				CLANG_WARN_STRICT_PROTOTYPES = YES;
				CLANG_WARN_SUSPICIOUS_MOVE = YES;
				CLANG_WARN_UNGUARDED_AVAILABILITY = YES_AGGRESSIVE;
				CLANG_WARN_UNREACHABLE_CODE = YES;
				CLANG_WARN__DUPLICATE_METHOD_MATCH = YES;
				COPY_PHASE_STRIP = NO;
				DEBUG_INFORMATION_FORMAT = dwarf;
				ENABLE_STRICT_OBJC_MSGSEND = YES;
				ENABLE_TESTABILITY = YES;
				GCC_C_LANGUAGE_STANDARD = gnu11;
				GCC_DYNAMIC_NO_PIC = NO;
				GCC_NO_COMMON_BLOCKS = YES;
				GCC_OPTIMIZATION_LEVEL = 0;
				GCC_PREPROCESSOR_DEFINITIONS = (
					"DEBUG=1",
					"$(inherited)",
				);
				GCC_WARN_64_TO_32_BIT_CONVERSION = YES;
				GCC_WARN_ABOUT_RETURN_TYPE = YES_ERROR;
				GCC_WARN_UNDECLARED_SELECTOR = YES;
				GCC_WARN_UNINITIALIZED_AUTOS = YES_AGGRESSIVE;
				GCC_WARN_UNUSED_FUNCTION = YES;
				GCC_WARN_UNUSED_VARIABLE = YES;
				IPHONEOS_DEPLOYMENT_TARGET = 13.0;
				MTL_ENABLE_DEBUG_INFO = INCLUDE_SOURCE;
				MTL_FAST_MATH = YES;
				ONLY_ACTIVE_ARCH = YES;
				SDKROOT = iphoneos;
				SWIFT_ACTIVE_COMPILATION_CONDITIONS = DEBUG;
				SWIFT_OPTIMIZATION_LEVEL = "-Onone";
			};
			name = Debug;
		};
		50BB5414233E021600509A15 /* Release */ = {
			isa = XCBuildConfiguration;
			buildSettings = {
				ALWAYS_SEARCH_USER_PATHS = NO;
				CLANG_ANALYZER_NONNULL = YES;
				CLANG_ANALYZER_NUMBER_OBJECT_CONVERSION = YES_AGGRESSIVE;
				CLANG_CXX_LANGUAGE_STANDARD = "gnu++14";
				CLANG_CXX_LIBRARY = "libc++";
				CLANG_ENABLE_MODULES = YES;
				CLANG_ENABLE_OBJC_ARC = YES;
				CLANG_ENABLE_OBJC_WEAK = YES;
				CLANG_WARN_BLOCK_CAPTURE_AUTORELEASING = YES;
				CLANG_WARN_BOOL_CONVERSION = YES;
				CLANG_WARN_COMMA = YES;
				CLANG_WARN_CONSTANT_CONVERSION = YES;
				CLANG_WARN_DEPRECATED_OBJC_IMPLEMENTATIONS = YES;
				CLANG_WARN_DIRECT_OBJC_ISA_USAGE = YES_ERROR;
				CLANG_WARN_DOCUMENTATION_COMMENTS = YES;
				CLANG_WARN_EMPTY_BODY = YES;
				CLANG_WARN_ENUM_CONVERSION = YES;
				CLANG_WARN_INFINITE_RECURSION = YES;
				CLANG_WARN_INT_CONVERSION = YES;
				CLANG_WARN_NON_LITERAL_NULL_CONVERSION = YES;
				CLANG_WARN_OBJC_IMPLICIT_RETAIN_SELF = YES;
				CLANG_WARN_OBJC_LITERAL_CONVERSION = YES;
				CLANG_WARN_OBJC_ROOT_CLASS = YES_ERROR;
				CLANG_WARN_RANGE_LOOP_ANALYSIS = YES;
				CLANG_WARN_STRICT_PROTOTYPES = YES;
				CLANG_WARN_SUSPICIOUS_MOVE = YES;
				CLANG_WARN_UNGUARDED_AVAILABILITY = YES_AGGRESSIVE;
				CLANG_WARN_UNREACHABLE_CODE = YES;
				CLANG_WARN__DUPLICATE_METHOD_MATCH = YES;
				COPY_PHASE_STRIP = NO;
				DEBUG_INFORMATION_FORMAT = "dwarf-with-dsym";
				ENABLE_NS_ASSERTIONS = NO;
				ENABLE_STRICT_OBJC_MSGSEND = YES;
				GCC_C_LANGUAGE_STANDARD = gnu11;
				GCC_NO_COMMON_BLOCKS = YES;
				GCC_WARN_64_TO_32_BIT_CONVERSION = YES;
				GCC_WARN_ABOUT_RETURN_TYPE = YES_ERROR;
				GCC_WARN_UNDECLARED_SELECTOR = YES;
				GCC_WARN_UNINITIALIZED_AUTOS = YES_AGGRESSIVE;
				GCC_WARN_UNUSED_FUNCTION = YES;
				GCC_WARN_UNUSED_VARIABLE = YES;
				IPHONEOS_DEPLOYMENT_TARGET = 13.0;
				MTL_ENABLE_DEBUG_INFO = NO;
				MTL_FAST_MATH = YES;
				SDKROOT = iphoneos;
				SWIFT_COMPILATION_MODE = wholemodule;
				SWIFT_OPTIMIZATION_LEVEL = "-O";
				VALIDATE_PRODUCT = YES;
			};
			name = Release;
		};
		50BB5416233E021600509A15 /* Debug */ = {
			isa = XCBuildConfiguration;
			buildSettings = {
				ASSETCATALOG_COMPILER_APPICON_NAME = AppIcon;
				CODE_SIGN_STYLE = Automatic;
				DEVELOPMENT_TEAM = Y6DDCN53QX;
				INFOPLIST_FILE = "Supper Hero APP/Info.plist";
				LD_RUNPATH_SEARCH_PATHS = (
					"$(inherited)",
					"@executable_path/Frameworks",
				);
				PRODUCT_BUNDLE_IDENTIFIER = "onesoft.Supper-Hero-APP";
				PRODUCT_NAME = "$(TARGET_NAME)";
				SWIFT_VERSION = 5.0;
				TARGETED_DEVICE_FAMILY = "1,2";
			};
			name = Debug;
		};
		50BB5417233E021600509A15 /* Release */ = {
			isa = XCBuildConfiguration;
			buildSettings = {
				ASSETCATALOG_COMPILER_APPICON_NAME = AppIcon;
				CODE_SIGN_STYLE = Automatic;
				DEVELOPMENT_TEAM = Y6DDCN53QX;
				INFOPLIST_FILE = "Supper Hero APP/Info.plist";
				LD_RUNPATH_SEARCH_PATHS = (
					"$(inherited)",
					"@executable_path/Frameworks",
				);
				PRODUCT_BUNDLE_IDENTIFIER = "onesoft.Supper-Hero-APP";
				PRODUCT_NAME = "$(TARGET_NAME)";
				SWIFT_VERSION = 5.0;
				TARGETED_DEVICE_FAMILY = "1,2";
			};
			name = Release;
		};
		50BB5419233E021600509A15 /* Debug */ = {
			isa = XCBuildConfiguration;
			buildSettings = {
				ALWAYS_EMBED_SWIFT_STANDARD_LIBRARIES = YES;
				BUNDLE_LOADER = "$(TEST_HOST)";
				CODE_SIGN_STYLE = Automatic;
				DEVELOPMENT_TEAM = Y6DDCN53QX;
				INFOPLIST_FILE = "Supper Hero APPTests/Info.plist";
				IPHONEOS_DEPLOYMENT_TARGET = 13.0;
				LD_RUNPATH_SEARCH_PATHS = (
					"$(inherited)",
					"@executable_path/Frameworks",
					"@loader_path/Frameworks",
				);
				PRODUCT_BUNDLE_IDENTIFIER = "onesoft.Supper-Hero-APPTests";
				PRODUCT_NAME = "$(TARGET_NAME)";
				SWIFT_VERSION = 5.0;
				TARGETED_DEVICE_FAMILY = "1,2";
				TEST_HOST = "$(BUILT_PRODUCTS_DIR)/Supper Hero APP.app/Supper Hero APP";
			};
			name = Debug;
		};
		50BB541A233E021600509A15 /* Release */ = {
			isa = XCBuildConfiguration;
			buildSettings = {
				ALWAYS_EMBED_SWIFT_STANDARD_LIBRARIES = YES;
				BUNDLE_LOADER = "$(TEST_HOST)";
				CODE_SIGN_STYLE = Automatic;
				DEVELOPMENT_TEAM = Y6DDCN53QX;
				INFOPLIST_FILE = "Supper Hero APPTests/Info.plist";
				IPHONEOS_DEPLOYMENT_TARGET = 13.0;
				LD_RUNPATH_SEARCH_PATHS = (
					"$(inherited)",
					"@executable_path/Frameworks",
					"@loader_path/Frameworks",
				);
				PRODUCT_BUNDLE_IDENTIFIER = "onesoft.Supper-Hero-APPTests";
				PRODUCT_NAME = "$(TARGET_NAME)";
				SWIFT_VERSION = 5.0;
				TARGETED_DEVICE_FAMILY = "1,2";
				TEST_HOST = "$(BUILT_PRODUCTS_DIR)/Supper Hero APP.app/Supper Hero APP";
			};
			name = Release;
		};
		50BB541C233E021600509A15 /* Debug */ = {
			isa = XCBuildConfiguration;
			buildSettings = {
				ALWAYS_EMBED_SWIFT_STANDARD_LIBRARIES = YES;
				CODE_SIGN_STYLE = Automatic;
				DEVELOPMENT_TEAM = Y6DDCN53QX;
				INFOPLIST_FILE = "Supper Hero APPUITests/Info.plist";
				LD_RUNPATH_SEARCH_PATHS = (
					"$(inherited)",
					"@executable_path/Frameworks",
					"@loader_path/Frameworks",
				);
				PRODUCT_BUNDLE_IDENTIFIER = "onesoft.Supper-Hero-APPUITests";
				PRODUCT_NAME = "$(TARGET_NAME)";
				SWIFT_VERSION = 5.0;
				TARGETED_DEVICE_FAMILY = "1,2";
				TEST_TARGET_NAME = "Supper Hero APP";
			};
			name = Debug;
		};
		50BB541D233E021600509A15 /* Release */ = {
			isa = XCBuildConfiguration;
			buildSettings = {
				ALWAYS_EMBED_SWIFT_STANDARD_LIBRARIES = YES;
				CODE_SIGN_STYLE = Automatic;
				DEVELOPMENT_TEAM = Y6DDCN53QX;
				INFOPLIST_FILE = "Supper Hero APPUITests/Info.plist";
				LD_RUNPATH_SEARCH_PATHS = (
					"$(inherited)",
					"@executable_path/Frameworks",
					"@loader_path/Frameworks",
				);
				PRODUCT_BUNDLE_IDENTIFIER = "onesoft.Supper-Hero-APPUITests";
				PRODUCT_NAME = "$(TARGET_NAME)";
				SWIFT_VERSION = 5.0;
				TARGETED_DEVICE_FAMILY = "1,2";
				TEST_TARGET_NAME = "Supper Hero APP";
			};
			name = Release;
		};
/* End XCBuildConfiguration section */

/* Begin XCConfigurationList section */
		50BB53E6233E021400509A15 /* Build configuration list for PBXProject "Supper Hero APP" */ = {
			isa = XCConfigurationList;
			buildConfigurations = (
				50BB5413233E021600509A15 /* Debug */,
				50BB5414233E021600509A15 /* Release */,
			);
			defaultConfigurationIsVisible = 0;
			defaultConfigurationName = Release;
		};
		50BB5415233E021600509A15 /* Build configuration list for PBXNativeTarget "Supper Hero APP" */ = {
			isa = XCConfigurationList;
			buildConfigurations = (
				50BB5416233E021600509A15 /* Debug */,
				50BB5417233E021600509A15 /* Release */,
			);
			defaultConfigurationIsVisible = 0;
			defaultConfigurationName = Release;
		};
		50BB5418233E021600509A15 /* Build configuration list for PBXNativeTarget "Supper Hero APPTests" */ = {
			isa = XCConfigurationList;
			buildConfigurations = (
				50BB5419233E021600509A15 /* Debug */,
				50BB541A233E021600509A15 /* Release */,
			);
			defaultConfigurationIsVisible = 0;
			defaultConfigurationName = Release;
		};
		50BB541B233E021600509A15 /* Build configuration list for PBXNativeTarget "Supper Hero APPUITests" */ = {
			isa = XCConfigurationList;
			buildConfigurations = (
				50BB541C233E021600509A15 /* Debug */,
				50BB541D233E021600509A15 /* Release */,
			);
			defaultConfigurationIsVisible = 0;
			defaultConfigurationName = Release;
		};
/* End XCConfigurationList section */
	};
	rootObject = 50BB53E3233E021400509A15 /* Project object */;
}
