// !$*UTF8*$!
{
	archiveVersion = 1;
	classes = {
	};
	objectVersion = 50;
	objects = {

/* Begin PBXBuildFile section */
		504385F2233BC4730049EB3A /* AppDelegate.swift in Sources */ = {isa = PBXBuildFile; fileRef = 504385F1233BC4730049EB3A /* AppDelegate.swift */; };
		504385F4233BC4730049EB3A /* SceneDelegate.swift in Sources */ = {isa = PBXBuildFile; fileRef = 504385F3233BC4730049EB3A /* SceneDelegate.swift */; };
		504385F9233BC4730049EB3A /* Main.storyboard in Resources */ = {isa = PBXBuildFile; fileRef = 504385F7233BC4730049EB3A /* Main.storyboard */; };
		504385FB233BC4740049EB3A /* Assets.xcassets in Resources */ = {isa = PBXBuildFile; fileRef = 504385FA233BC4740049EB3A /* Assets.xcassets */; };
		504385FE233BC4740049EB3A /* LaunchScreen.storyboard in Resources */ = {isa = PBXBuildFile; fileRef = 504385FC233BC4740049EB3A /* LaunchScreen.storyboard */; };
		50438609233BC4740049EB3A /* TAP_GAME2_0Tests.swift in Sources */ = {isa = PBXBuildFile; fileRef = 50438608233BC4740049EB3A /* TAP_GAME2_0Tests.swift */; };
		50438614233BC4740049EB3A /* TAP_GAME2_0UITests.swift in Sources */ = {isa = PBXBuildFile; fileRef = 50438613233BC4740049EB3A /* TAP_GAME2_0UITests.swift */; };
		50438622233BC8AC0049EB3A /* GameEndViewController.swift in Sources */ = {isa = PBXBuildFile; fileRef = 50438621233BC8AC0049EB3A /* GameEndViewController.swift */; };
		50438624233BCFB70049EB3A /* ViewController.swift in Sources */ = {isa = PBXBuildFile; fileRef = 50438623233BCFB70049EB3A /* ViewController.swift */; };
/* End PBXBuildFile section */

/* Begin PBXContainerItemProxy section */
		50438605233BC4740049EB3A /* PBXContainerItemProxy */ = {
			isa = PBXContainerItemProxy;
			containerPortal = 504385E6233BC4730049EB3A /* Project object */;
			proxyType = 1;
			remoteGlobalIDString = 504385ED233BC4730049EB3A;
			remoteInfo = TAP_GAME2.0;
		};
		50438610233BC4740049EB3A /* PBXContainerItemProxy */ = {
			isa = PBXContainerItemProxy;
			containerPortal = 504385E6233BC4730049EB3A /* Project object */;
			proxyType = 1;
			remoteGlobalIDString = 504385ED233BC4730049EB3A;
			remoteInfo = TAP_GAME2.0;
		};
/* End PBXContainerItemProxy section */

/* Begin PBXFileReference section */
		504385EE233BC4730049EB3A /* TAP_GAME2.0.app */ = {isa = PBXFileReference; explicitFileType = wrapper.application; includeInIndex = 0; path = TAP_GAME2.0.app; sourceTree = BUILT_PRODUCTS_DIR; };
		504385F1233BC4730049EB3A /* AppDelegate.swift */ = {isa = PBXFileReference; lastKnownFileType = sourcecode.swift; path = AppDelegate.swift; sourceTree = "<group>"; };
		504385F3233BC4730049EB3A /* SceneDelegate.swift */ = {isa = PBXFileReference; lastKnownFileType = sourcecode.swift; path = SceneDelegate.swift; sourceTree = "<group>"; };
		504385F8233BC4730049EB3A /* Base */ = {isa = PBXFileReference; lastKnownFileType = file.storyboard; name = Base; path = Base.lproj/Main.storyboard; sourceTree = "<group>"; };
		504385FA233BC4740049EB3A /* Assets.xcassets */ = {isa = PBXFileReference; lastKnownFileType = folder.assetcatalog; path = Assets.xcassets; sourceTree = "<group>"; };
		504385FD233BC4740049EB3A /* Base */ = {isa = PBXFileReference; lastKnownFileType = file.storyboard; name = Base; path = Base.lproj/LaunchScreen.storyboard; sourceTree = "<group>"; };
		504385FF233BC4740049EB3A /* Info.plist */ = {isa = PBXFileReference; lastKnownFileType = text.plist.xml; path = Info.plist; sourceTree = "<group>"; };
		50438604233BC4740049EB3A /* TAP_GAME2.0Tests.xctest */ = {isa = PBXFileReference; explicitFileType = wrapper.cfbundle; includeInIndex = 0; path = TAP_GAME2.0Tests.xctest; sourceTree = BUILT_PRODUCTS_DIR; };
		50438608233BC4740049EB3A /* TAP_GAME2_0Tests.swift */ = {isa = PBXFileReference; lastKnownFileType = sourcecode.swift; path = TAP_GAME2_0Tests.swift; sourceTree = "<group>"; };
		5043860A233BC4740049EB3A /* Info.plist */ = {isa = PBXFileReference; lastKnownFileType = text.plist.xml; path = Info.plist; sourceTree = "<group>"; };
		5043860F233BC4740049EB3A /* TAP_GAME2.0UITests.xctest */ = {isa = PBXFileReference; explicitFileType = wrapper.cfbundle; includeInIndex = 0; path = TAP_GAME2.0UITests.xctest; sourceTree = BUILT_PRODUCTS_DIR; };
		50438613233BC4740049EB3A /* TAP_GAME2_0UITests.swift */ = {isa = PBXFileReference; lastKnownFileType = sourcecode.swift; path = TAP_GAME2_0UITests.swift; sourceTree = "<group>"; };
		50438615233BC4740049EB3A /* Info.plist */ = {isa = PBXFileReference; lastKnownFileType = text.plist.xml; path = Info.plist; sourceTree = "<group>"; };
		50438621233BC8AC0049EB3A /* GameEndViewController.swift */ = {isa = PBXFileReference; lastKnownFileType = sourcecode.swift; path = GameEndViewController.swift; sourceTree = "<group>"; };
		50438623233BCFB70049EB3A /* ViewController.swift */ = {isa = PBXFileReference; lastKnownFileType = sourcecode.swift; path = ViewController.swift; sourceTree = "<group>"; };
/* End PBXFileReference section */

/* Begin PBXFrameworksBuildPhase section */
		504385EB233BC4730049EB3A /* Frameworks */ = {
			isa = PBXFrameworksBuildPhase;
			buildActionMask = 2147483647;
			files = (
			);
			runOnlyForDeploymentPostprocessing = 0;
		};
		50438601233BC4740049EB3A /* Frameworks */ = {
			isa = PBXFrameworksBuildPhase;
			buildActionMask = 2147483647;
			files = (
			);
			runOnlyForDeploymentPostprocessing = 0;
		};
		5043860C233BC4740049EB3A /* Frameworks */ = {
			isa = PBXFrameworksBuildPhase;
			buildActionMask = 2147483647;
			files = (
			);
			runOnlyForDeploymentPostprocessing = 0;
		};
/* End PBXFrameworksBuildPhase section */

/* Begin PBXGroup section */
		504385E5233BC4730049EB3A = {
			isa = PBXGroup;
			children = (
				504385F0233BC4730049EB3A /* TAP_GAME2.0 */,
				50438607233BC4740049EB3A /* TAP_GAME2.0Tests */,
				50438612233BC4740049EB3A /* TAP_GAME2.0UITests */,
				504385EF233BC4730049EB3A /* Products */,
			);
			sourceTree = "<group>";
		};
		504385EF233BC4730049EB3A /* Products */ = {
			isa = PBXGroup;
			children = (
				504385EE233BC4730049EB3A /* TAP_GAME2.0.app */,
				50438604233BC4740049EB3A /* TAP_GAME2.0Tests.xctest */,
				5043860F233BC4740049EB3A /* TAP_GAME2.0UITests.xctest */,
			);
			name = Products;
			sourceTree = "<group>";
		};
		504385F0233BC4730049EB3A /* TAP_GAME2.0 */ = {
			isa = PBXGroup;
			children = (
				504385F1233BC4730049EB3A /* AppDelegate.swift */,
				504385F3233BC4730049EB3A /* SceneDelegate.swift */,
				50438621233BC8AC0049EB3A /* GameEndViewController.swift */,
				50438623233BCFB70049EB3A /* ViewController.swift */,
				504385F7233BC4730049EB3A /* Main.storyboard */,
				504385FA233BC4740049EB3A /* Assets.xcassets */,
				504385FC233BC4740049EB3A /* LaunchScreen.storyboard */,
				504385FF233BC4740049EB3A /* Info.plist */,
			);
			path = TAP_GAME2.0;
			sourceTree = "<group>";
		};
		50438607233BC4740049EB3A /* TAP_GAME2.0Tests */ = {
			isa = PBXGroup;
			children = (
				50438608233BC4740049EB3A /* TAP_GAME2_0Tests.swift */,
				5043860A233BC4740049EB3A /* Info.plist */,
			);
			path = TAP_GAME2.0Tests;
			sourceTree = "<group>";
		};
		50438612233BC4740049EB3A /* TAP_GAME2.0UITests */ = {
			isa = PBXGroup;
			children = (
				50438613233BC4740049EB3A /* TAP_GAME2_0UITests.swift */,
				50438615233BC4740049EB3A /* Info.plist */,
			);
			path = TAP_GAME2.0UITests;
			sourceTree = "<group>";
		};
/* End PBXGroup section */

/* Begin PBXNativeTarget section */
		504385ED233BC4730049EB3A /* TAP_GAME2.0 */ = {
			isa = PBXNativeTarget;
			buildConfigurationList = 50438618233BC4740049EB3A /* Build configuration list for PBXNativeTarget "TAP_GAME2.0" */;
			buildPhases = (
				504385EA233BC4730049EB3A /* Sources */,
				504385EB233BC4730049EB3A /* Frameworks */,
				504385EC233BC4730049EB3A /* Resources */,
			);
			buildRules = (
			);
			dependencies = (
			);
			name = TAP_GAME2.0;
			productName = TAP_GAME2.0;
			productReference = 504385EE233BC4730049EB3A /* TAP_GAME2.0.app */;
			productType = "com.apple.product-type.application";
		};
		50438603233BC4740049EB3A /* TAP_GAME2.0Tests */ = {
			isa = PBXNativeTarget;
			buildConfigurationList = 5043861B233BC4740049EB3A /* Build configuration list for PBXNativeTarget "TAP_GAME2.0Tests" */;
			buildPhases = (
				50438600233BC4740049EB3A /* Sources */,
				50438601233BC4740049EB3A /* Frameworks */,
				50438602233BC4740049EB3A /* Resources */,
			);
			buildRules = (
			);
			dependencies = (
				50438606233BC4740049EB3A /* PBXTargetDependency */,
			);
			name = TAP_GAME2.0Tests;
			productName = TAP_GAME2.0Tests;
			productReference = 50438604233BC4740049EB3A /* TAP_GAME2.0Tests.xctest */;
			productType = "com.apple.product-type.bundle.unit-test";
		};
		5043860E233BC4740049EB3A /* TAP_GAME2.0UITests */ = {
			isa = PBXNativeTarget;
			buildConfigurationList = 5043861E233BC4740049EB3A /* Build configuration list for PBXNativeTarget "TAP_GAME2.0UITests" */;
			buildPhases = (
				5043860B233BC4740049EB3A /* Sources */,
				5043860C233BC4740049EB3A /* Frameworks */,
				5043860D233BC4740049EB3A /* Resources */,
			);
			buildRules = (
			);
			dependencies = (
				50438611233BC4740049EB3A /* PBXTargetDependency */,
			);
			name = TAP_GAME2.0UITests;
			productName = TAP_GAME2.0UITests;
			productReference = 5043860F233BC4740049EB3A /* TAP_GAME2.0UITests.xctest */;
			productType = "com.apple.product-type.bundle.ui-testing";
		};
/* End PBXNativeTarget section */

/* Begin PBXProject section */
		504385E6233BC4730049EB3A /* Project object */ = {
			isa = PBXProject;
			attributes = {
				LastSwiftUpdateCheck = 1100;
				LastUpgradeCheck = 1100;
				ORGANIZATIONNAME = "Xinyun Wu";
				TargetAttributes = {
					504385ED233BC4730049EB3A = {
						CreatedOnToolsVersion = 11.0;
					};
					50438603233BC4740049EB3A = {
						CreatedOnToolsVersion = 11.0;
						TestTargetID = 504385ED233BC4730049EB3A;
					};
					5043860E233BC4740049EB3A = {
						CreatedOnToolsVersion = 11.0;
						TestTargetID = 504385ED233BC4730049EB3A;
					};
				};
			};
			buildConfigurationList = 504385E9233BC4730049EB3A /* Build configuration list for PBXProject "TAP_GAME2.0" */;
			compatibilityVersion = "Xcode 9.3";
			developmentRegion = en;
			hasScannedForEncodings = 0;
			knownRegions = (
				en,
				Base,
			);
			mainGroup = 504385E5233BC4730049EB3A;
			productRefGroup = 504385EF233BC4730049EB3A /* Products */;
			projectDirPath = "";
			projectRoot = "";
			targets = (
				504385ED233BC4730049EB3A /* TAP_GAME2.0 */,
				50438603233BC4740049EB3A /* TAP_GAME2.0Tests */,
				5043860E233BC4740049EB3A /* TAP_GAME2.0UITests */,
			);
		};
/* End PBXProject section */

/* Begin PBXResourcesBuildPhase section */
		504385EC233BC4730049EB3A /* Resources */ = {
			isa = PBXResourcesBuildPhase;
			buildActionMask = 2147483647;
			files = (
				504385FE233BC4740049EB3A /* LaunchScreen.storyboard in Resources */,
				504385FB233BC4740049EB3A /* Assets.xcassets in Resources */,
				504385F9233BC4730049EB3A /* Main.storyboard in Resources */,
			);
			runOnlyForDeploymentPostprocessing = 0;
		};
		50438602233BC4740049EB3A /* Resources */ = {
			isa = PBXResourcesBuildPhase;
			buildActionMask = 2147483647;
			files = (
			);
			runOnlyForDeploymentPostprocessing = 0;
		};
		5043860D233BC4740049EB3A /* Resources */ = {
			isa = PBXResourcesBuildPhase;
			buildActionMask = 2147483647;
			files = (
			);
			runOnlyForDeploymentPostprocessing = 0;
		};
/* End PBXResourcesBuildPhase section */

/* Begin PBXSourcesBuildPhase section */
		504385EA233BC4730049EB3A /* Sources */ = {
			isa = PBXSourcesBuildPhase;
			buildActionMask = 2147483647;
			files = (
				504385F2233BC4730049EB3A /* AppDelegate.swift in Sources */,
				50438622233BC8AC0049EB3A /* GameEndViewController.swift in Sources */,
				50438624233BCFB70049EB3A /* ViewController.swift in Sources */,
				504385F4233BC4730049EB3A /* SceneDelegate.swift in Sources */,
			);
			runOnlyForDeploymentPostprocessing = 0;
		};
		50438600233BC4740049EB3A /* Sources */ = {
			isa = PBXSourcesBuildPhase;
			buildActionMask = 2147483647;
			files = (
				50438609233BC4740049EB3A /* TAP_GAME2_0Tests.swift in Sources */,
			);
			runOnlyForDeploymentPostprocessing = 0;
		};
		5043860B233BC4740049EB3A /* Sources */ = {
			isa = PBXSourcesBuildPhase;
			buildActionMask = 2147483647;
			files = (
				50438614233BC4740049EB3A /* TAP_GAME2_0UITests.swift in Sources */,
			);
			runOnlyForDeploymentPostprocessing = 0;
		};
/* End PBXSourcesBuildPhase section */

/* Begin PBXTargetDependency section */
		50438606233BC4740049EB3A /* PBXTargetDependency */ = {
			isa = PBXTargetDependency;
			target = 504385ED233BC4730049EB3A /* TAP_GAME2.0 */;
			targetProxy = 50438605233BC4740049EB3A /* PBXContainerItemProxy */;
		};
		50438611233BC4740049EB3A /* PBXTargetDependency */ = {
			isa = PBXTargetDependency;
			target = 504385ED233BC4730049EB3A /* TAP_GAME2.0 */;
			targetProxy = 50438610233BC4740049EB3A /* PBXContainerItemProxy */;
		};
/* End PBXTargetDependency section */

/* Begin PBXVariantGroup section */
		504385F7233BC4730049EB3A /* Main.storyboard */ = {
			isa = PBXVariantGroup;
			children = (
				504385F8233BC4730049EB3A /* Base */,
			);
			name = Main.storyboard;
			sourceTree = "<group>";
		};
		504385FC233BC4740049EB3A /* LaunchScreen.storyboard */ = {
			isa = PBXVariantGroup;
			children = (
				504385FD233BC4740049EB3A /* Base */,
			);
			name = LaunchScreen.storyboard;
			sourceTree = "<group>";
		};
/* End PBXVariantGroup section */

/* Begin XCBuildConfiguration section */
		50438616233BC4740049EB3A /* Debug */ = {
			isa = XCBuildConfiguration;
			buildSettings = {
				ALWAYS_SEARCH_USER_PATHS = NO;
				CLANG_ANALYZER_NONNULL = YES;
				CLANG_ANALYZER_NUMBER_OBJECT_CONVERSION = YES_AGGRESSIVE;
				CLANG_CXX_LANGUAGE_STANDARD = "gnu++14";
				CLANG_CXX_LIBRARY = "libc++";
				CLANG_ENABLE_MODULES = YES;
				CLANG_ENABLE_OBJC_ARC = YES;
				CLANG_ENABLE_OBJC_WEAK = YES;
				CLANG_WARN_BLOCK_CAPTURE_AUTORELEASING = YES;
				CLANG_WARN_BOOL_CONVERSION = YES;
				CLANG_WARN_COMMA = YES;
				CLANG_WARN_CONSTANT_CONVERSION = YES;
				CLANG_WARN_DEPRECATED_OBJC_IMPLEMENTATIONS = YES;
				CLANG_WARN_DIRECT_OBJC_ISA_USAGE = YES_ERROR;
				CLANG_WARN_DOCUMENTATION_COMMENTS = YES;
				CLANG_WARN_EMPTY_BODY = YES;
				CLANG_WARN_ENUM_CONVERSION = YES;
				CLANG_WARN_INFINITE_RECURSION = YES;
				CLANG_WARN_INT_CONVERSION = YES;
				CLANG_WARN_NON_LITERAL_NULL_CONVERSION = YES;
				CLANG_WARN_OBJC_IMPLICIT_RETAIN_SELF = YES;
				CLANG_WARN_OBJC_LITERAL_CONVERSION = YES;
				CLANG_WARN_OBJC_ROOT_CLASS = YES_ERROR;
				CLANG_WARN_RANGE_LOOP_ANALYSIS = YES;
				CLANG_WARN_STRICT_PROTOTYPES = YES;
				CLANG_WARN_SUSPICIOUS_MOVE = YES;
				CLANG_WARN_UNGUARDED_AVAILABILITY = YES_AGGRESSIVE;
				CLANG_WARN_UNREACHABLE_CODE = YES;
				CLANG_WARN__DUPLICATE_METHOD_MATCH = YES;
				COPY_PHASE_STRIP = NO;
				DEBUG_INFORMATION_FORMAT = dwarf;
				ENABLE_STRICT_OBJC_MSGSEND = YES;
				ENABLE_TESTABILITY = YES;
				GCC_C_LANGUAGE_STANDARD = gnu11;
				GCC_DYNAMIC_NO_PIC = NO;
				GCC_NO_COMMON_BLOCKS = YES;
				GCC_OPTIMIZATION_LEVEL = 0;
				GCC_PREPROCESSOR_DEFINITIONS = (
					"DEBUG=1",
					"$(inherited)",
				);
				GCC_WARN_64_TO_32_BIT_CONVERSION = YES;
				GCC_WARN_ABOUT_RETURN_TYPE = YES_ERROR;
				GCC_WARN_UNDECLARED_SELECTOR = YES;
				GCC_WARN_UNINITIALIZED_AUTOS = YES_AGGRESSIVE;
				GCC_WARN_UNUSED_FUNCTION = YES;
				GCC_WARN_UNUSED_VARIABLE = YES;
				IPHONEOS_DEPLOYMENT_TARGET = 13.0;
				MTL_ENABLE_DEBUG_INFO = INCLUDE_SOURCE;
				MTL_FAST_MATH = YES;
				ONLY_ACTIVE_ARCH = YES;
				SDKROOT = iphoneos;
				SWIFT_ACTIVE_COMPILATION_CONDITIONS = DEBUG;
				SWIFT_OPTIMIZATION_LEVEL = "-Onone";
			};
			name = Debug;
		};
		50438617233BC4740049EB3A /* Release */ = {
			isa = XCBuildConfiguration;
			buildSettings = {
				ALWAYS_SEARCH_USER_PATHS = NO;
				CLANG_ANALYZER_NONNULL = YES;
				CLANG_ANALYZER_NUMBER_OBJECT_CONVERSION = YES_AGGRESSIVE;
				CLANG_CXX_LANGUAGE_STANDARD = "gnu++14";
				CLANG_CXX_LIBRARY = "libc++";
				CLANG_ENABLE_MODULES = YES;
				CLANG_ENABLE_OBJC_ARC = YES;
				CLANG_ENABLE_OBJC_WEAK = YES;
				CLANG_WARN_BLOCK_CAPTURE_AUTORELEASING = YES;
				CLANG_WARN_BOOL_CONVERSION = YES;
				CLANG_WARN_COMMA = YES;
				CLANG_WARN_CONSTANT_CONVERSION = YES;
				CLANG_WARN_DEPRECATED_OBJC_IMPLEMENTATIONS = YES;
				CLANG_WARN_DIRECT_OBJC_ISA_USAGE = YES_ERROR;
				CLANG_WARN_DOCUMENTATION_COMMENTS = YES;
				CLANG_WARN_EMPTY_BODY = YES;
				CLANG_WARN_ENUM_CONVERSION = YES;
				CLANG_WARN_INFINITE_RECURSION = YES;
				CLANG_WARN_INT_CONVERSION = YES;
				CLANG_WARN_NON_LITERAL_NULL_CONVERSION = YES;
				CLANG_WARN_OBJC_IMPLICIT_RETAIN_SELF = YES;
				CLANG_WARN_OBJC_LITERAL_CONVERSION = YES;
				CLANG_WARN_OBJC_ROOT_CLASS = YES_ERROR;
				CLANG_WARN_RANGE_LOOP_ANALYSIS = YES;
				CLANG_WARN_STRICT_PROTOTYPES = YES;
				CLANG_WARN_SUSPICIOUS_MOVE = YES;
				CLANG_WARN_UNGUARDED_AVAILABILITY = YES_AGGRESSIVE;
				CLANG_WARN_UNREACHABLE_CODE = YES;
				CLANG_WARN__DUPLICATE_METHOD_MATCH = YES;
				COPY_PHASE_STRIP = NO;
				DEBUG_INFORMATION_FORMAT = "dwarf-with-dsym";
				ENABLE_NS_ASSERTIONS = NO;
				ENABLE_STRICT_OBJC_MSGSEND = YES;
				GCC_C_LANGUAGE_STANDARD = gnu11;
				GCC_NO_COMMON_BLOCKS = YES;
				GCC_WARN_64_TO_32_BIT_CONVERSION = YES;
				GCC_WARN_ABOUT_RETURN_TYPE = YES_ERROR;
				GCC_WARN_UNDECLARED_SELECTOR = YES;
				GCC_WARN_UNINITIALIZED_AUTOS = YES_AGGRESSIVE;
				GCC_WARN_UNUSED_FUNCTION = YES;
				GCC_WARN_UNUSED_VARIABLE = YES;
				IPHONEOS_DEPLOYMENT_TARGET = 13.0;
				MTL_ENABLE_DEBUG_INFO = NO;
				MTL_FAST_MATH = YES;
				SDKROOT = iphoneos;
				SWIFT_COMPILATION_MODE = wholemodule;
				SWIFT_OPTIMIZATION_LEVEL = "-O";
				VALIDATE_PRODUCT = YES;
			};
			name = Release;
		};
		50438619233BC4740049EB3A /* Debug */ = {
			isa = XCBuildConfiguration;
			buildSettings = {
				ASSETCATALOG_COMPILER_APPICON_NAME = AppIcon;
				CODE_SIGN_STYLE = Automatic;
				DEVELOPMENT_TEAM = Y6DDCN53QX;
				INFOPLIST_FILE = TAP_GAME2.0/Info.plist;
				LD_RUNPATH_SEARCH_PATHS = (
					"$(inherited)",
					"@executable_path/Frameworks",
				);
				PRODUCT_BUNDLE_IDENTIFIER = "onesoft.TAP-GAME2-0";
				PRODUCT_NAME = "$(TARGET_NAME)";
				SWIFT_VERSION = 5.0;
				TARGETED_DEVICE_FAMILY = "1,2";
			};
			name = Debug;
		};
		5043861A233BC4740049EB3A /* Release */ = {
			isa = XCBuildConfiguration;
			buildSettings = {
				ASSETCATALOG_COMPILER_APPICON_NAME = AppIcon;
				CODE_SIGN_STYLE = Automatic;
				DEVELOPMENT_TEAM = Y6DDCN53QX;
				INFOPLIST_FILE = TAP_GAME2.0/Info.plist;
				LD_RUNPATH_SEARCH_PATHS = (
					"$(inherited)",
					"@executable_path/Frameworks",
				);
				PRODUCT_BUNDLE_IDENTIFIER = "onesoft.TAP-GAME2-0";
				PRODUCT_NAME = "$(TARGET_NAME)";
				SWIFT_VERSION = 5.0;
				TARGETED_DEVICE_FAMILY = "1,2";
			};
			name = Release;
		};
		5043861C233BC4740049EB3A /* Debug */ = {
			isa = XCBuildConfiguration;
			buildSettings = {
				ALWAYS_EMBED_SWIFT_STANDARD_LIBRARIES = YES;
				BUNDLE_LOADER = "$(TEST_HOST)";
				CODE_SIGN_STYLE = Automatic;
				DEVELOPMENT_TEAM = Y6DDCN53QX;
				INFOPLIST_FILE = TAP_GAME2.0Tests/Info.plist;
				IPHONEOS_DEPLOYMENT_TARGET = 13.0;
				LD_RUNPATH_SEARCH_PATHS = (
					"$(inherited)",
					"@executable_path/Frameworks",
					"@loader_path/Frameworks",
				);
				PRODUCT_BUNDLE_IDENTIFIER = "onesoft.TAP-GAME2-0Tests";
				PRODUCT_NAME = "$(TARGET_NAME)";
				SWIFT_VERSION = 5.0;
				TARGETED_DEVICE_FAMILY = "1,2";
				TEST_HOST = "$(BUILT_PRODUCTS_DIR)/TAP_GAME2.0.app/TAP_GAME2.0";
			};
			name = Debug;
		};
		5043861D233BC4740049EB3A /* Release */ = {
			isa = XCBuildConfiguration;
			buildSettings = {
				ALWAYS_EMBED_SWIFT_STANDARD_LIBRARIES = YES;
				BUNDLE_LOADER = "$(TEST_HOST)";
				CODE_SIGN_STYLE = Automatic;
				DEVELOPMENT_TEAM = Y6DDCN53QX;
				INFOPLIST_FILE = TAP_GAME2.0Tests/Info.plist;
				IPHONEOS_DEPLOYMENT_TARGET = 13.0;
				LD_RUNPATH_SEARCH_PATHS = (
					"$(inherited)",
					"@executable_path/Frameworks",
					"@loader_path/Frameworks",
				);
				PRODUCT_BUNDLE_IDENTIFIER = "onesoft.TAP-GAME2-0Tests";
				PRODUCT_NAME = "$(TARGET_NAME)";
				SWIFT_VERSION = 5.0;
				TARGETED_DEVICE_FAMILY = "1,2";
				TEST_HOST = "$(BUILT_PRODUCTS_DIR)/TAP_GAME2.0.app/TAP_GAME2.0";
			};
			name = Release;
		};
		5043861F233BC4740049EB3A /* Debug */ = {
			isa = XCBuildConfiguration;
			buildSettings = {
				ALWAYS_EMBED_SWIFT_STANDARD_LIBRARIES = YES;
				CODE_SIGN_STYLE = Automatic;
				DEVELOPMENT_TEAM = Y6DDCN53QX;
				INFOPLIST_FILE = TAP_GAME2.0UITests/Info.plist;
				LD_RUNPATH_SEARCH_PATHS = (
					"$(inherited)",
					"@executable_path/Frameworks",
					"@loader_path/Frameworks",
				);
				PRODUCT_BUNDLE_IDENTIFIER = "onesoft.TAP-GAME2-0UITests";
				PRODUCT_NAME = "$(TARGET_NAME)";
				SWIFT_VERSION = 5.0;
				TARGETED_DEVICE_FAMILY = "1,2";
				TEST_TARGET_NAME = TAP_GAME2.0;
			};
			name = Debug;
		};
		50438620233BC4740049EB3A /* Release */ = {
			isa = XCBuildConfiguration;
			buildSettings = {
				ALWAYS_EMBED_SWIFT_STANDARD_LIBRARIES = YES;
				CODE_SIGN_STYLE = Automatic;
				DEVELOPMENT_TEAM = Y6DDCN53QX;
				INFOPLIST_FILE = TAP_GAME2.0UITests/Info.plist;
				LD_RUNPATH_SEARCH_PATHS = (
					"$(inherited)",
					"@executable_path/Frameworks",
					"@loader_path/Frameworks",
				);
				PRODUCT_BUNDLE_IDENTIFIER = "onesoft.TAP-GAME2-0UITests";
				PRODUCT_NAME = "$(TARGET_NAME)";
				SWIFT_VERSION = 5.0;
				TARGETED_DEVICE_FAMILY = "1,2";
				TEST_TARGET_NAME = TAP_GAME2.0;
			};
			name = Release;
		};
/* End XCBuildConfiguration section */

/* Begin XCConfigurationList section */
		504385E9233BC4730049EB3A /* Build configuration list for PBXProject "TAP_GAME2.0" */ = {
			isa = XCConfigurationList;
			buildConfigurations = (
				50438616233BC4740049EB3A /* Debug */,
				50438617233BC4740049EB3A /* Release */,
			);
			defaultConfigurationIsVisible = 0;
			defaultConfigurationName = Release;
		};
		50438618233BC4740049EB3A /* Build configuration list for PBXNativeTarget "TAP_GAME2.0" */ = {
			isa = XCConfigurationList;
			buildConfigurations = (
				50438619233BC4740049EB3A /* Debug */,
				5043861A233BC4740049EB3A /* Release */,
			);
			defaultConfigurationIsVisible = 0;
			defaultConfigurationName = Release;
		};
		5043861B233BC4740049EB3A /* Build configuration list for PBXNativeTarget "TAP_GAME2.0Tests" */ = {
			isa = XCConfigurationList;
			buildConfigurations = (
				5043861C233BC4740049EB3A /* Debug */,
				5043861D233BC4740049EB3A /* Release */,
			);
			defaultConfigurationIsVisible = 0;
			defaultConfigurationName = Release;
		};
		5043861E233BC4740049EB3A /* Build configuration list for PBXNativeTarget "TAP_GAME2.0UITests" */ = {
			isa = XCConfigurationList;
			buildConfigurations = (
				5043861F233BC4740049EB3A /* Debug */,
				50438620233BC4740049EB3A /* Release */,
			);
			defaultConfigurationIsVisible = 0;
			defaultConfigurationName = Release;
		};
/* End XCConfigurationList section */
	};
	rootObject = 504385E6233BC4730049EB3A /* Project object */;
}
